
Microsoft Visual Studio Solution File, Format Version 12.00
# Visual Studio Version 17
VisualStudioVersion = 17.4.33122.133
MinimumVisualStudioVersion = 10.0.40219.1
Project("{FAE04EC0-301F-11D3-BF4B-00C04F79EFBC}") = "IndianStateSensusAnalyserProblem", "IndianStateSensusAnalyserProblem\IndianStateSensusAnalyserProblem.csproj", "{C3FF0175-4F54-465E-9A4B-929E91D20C73}"
EndProject
Global
	GlobalSection(SolutionConfigurationPlatforms) = preSolution
		Debug|Any CPU = Debug|Any CPU
		Release|Any CPU = Release|Any CPU
	EndGlobalSection
	GlobalSection(ProjectConfigurationPlatforms) = postSolution
		{C3FF0175-4F54-465E-9A4B-929E91D20C73}.Debug|Any CPU.ActiveCfg = Debug|Any CPU
		{C3FF0175-4F54-465E-9A4B-929E91D20C73}.Debug|Any CPU.Build.0 = Debug|Any CPU
		{C3FF0175-4F54-465E-9A4B-929E91D20C73}.Release|Any CPU.ActiveCfg = Release|Any CPU
		{C3FF0175-4F54-465E-9A4B-929E91D20C73}.Release|Any CPU.Build.0 = Release|Any CPU
	EndGlobalSection
	GlobalSection(SolutionProperties) = preSolution
		HideSolutionNode = FALSE
	EndGlobalSection
	GlobalSection(ExtensibilityGlobals) = postSolution
		SolutionGuid = {198877E7-B86B-47CC-91D8-5D71BCA71C9D}
	EndGlobalSection
EndGlobal
